
Microsoft Visual Studio Solution File, Format Version 12.00
# Visual Studio Version 16
VisualStudioVersion = 16.0.29418.71
MinimumVisualStudioVersion = 10.0.40219.1
Project("{9A19103F-16F7-4668-BE54-9A1E7A4F7556}") = "Account", "Account\Account.csproj", "{968397C2-CC54-432E-8025-A189922F8607}"
EndProject
Project("{9A19103F-16F7-4668-BE54-9A1E7A4F7556}") = "chequebook", "chequebook\chequebook.csproj", "{0BE8BDA3-B660-4356-8293-BEE7F98F9BD9}"
EndProject
Project("{9A19103F-16F7-4668-BE54-9A1E7A4F7556}") = "Transactions", "Transactions\Transactions.csproj", "{043FA0CE-E6E8-429D-B4D6-BC164143BD36}"
EndProject
Project("{9A19103F-16F7-4668-BE54-9A1E7A4F7556}") = "WebApp", "WebApp\WebApp.csproj", "{B9DB89BB-B39E-49BF-8204-633B724241C4}"
EndProject
Project("{9A19103F-16F7-4668-BE54-9A1E7A4F7556}") = "Banking", "Banking\Banking.csproj", "{5B30AE02-CEE7-493E-B9E3-34BC49C769A8}"
EndProject
Project("{FAE04EC0-301F-11D3-BF4B-00C04F79EFBC}") = "Logging", "Logging\Logging.csproj", "{43686921-AD39-43D3-8C41-5B458F63BEF8}"
EndProject
Global
	GlobalSection(SolutionConfigurationPlatforms) = preSolution
		Debug|Any CPU = Debug|Any CPU
		Release|Any CPU = Release|Any CPU
	EndGlobalSection
	GlobalSection(ProjectConfigurationPlatforms) = postSolution
		{968397C2-CC54-432E-8025-A189922F8607}.Debug|Any CPU.ActiveCfg = Debug|Any CPU
		{968397C2-CC54-432E-8025-A189922F8607}.Debug|Any CPU.Build.0 = Debug|Any CPU
		{968397C2-CC54-432E-8025-A189922F8607}.Release|Any CPU.ActiveCfg = Release|Any CPU
		{968397C2-CC54-432E-8025-A189922F8607}.Release|Any CPU.Build.0 = Release|Any CPU
		{0BE8BDA3-B660-4356-8293-BEE7F98F9BD9}.Debug|Any CPU.ActiveCfg = Debug|Any CPU
		{0BE8BDA3-B660-4356-8293-BEE7F98F9BD9}.Debug|Any CPU.Build.0 = Debug|Any CPU
		{0BE8BDA3-B660-4356-8293-BEE7F98F9BD9}.Release|Any CPU.ActiveCfg = Release|Any CPU
		{0BE8BDA3-B660-4356-8293-BEE7F98F9BD9}.Release|Any CPU.Build.0 = Release|Any CPU
		{043FA0CE-E6E8-429D-B4D6-BC164143BD36}.Debug|Any CPU.ActiveCfg = Debug|Any CPU
		{043FA0CE-E6E8-429D-B4D6-BC164143BD36}.Debug|Any CPU.Build.0 = Debug|Any CPU
		{043FA0CE-E6E8-429D-B4D6-BC164143BD36}.Release|Any CPU.ActiveCfg = Release|Any CPU
		{043FA0CE-E6E8-429D-B4D6-BC164143BD36}.Release|Any CPU.Build.0 = Release|Any CPU
		{B9DB89BB-B39E-49BF-8204-633B724241C4}.Debug|Any CPU.ActiveCfg = Debug|Any CPU
		{B9DB89BB-B39E-49BF-8204-633B724241C4}.Debug|Any CPU.Build.0 = Debug|Any CPU
		{B9DB89BB-B39E-49BF-8204-633B724241C4}.Release|Any CPU.ActiveCfg = Release|Any CPU
		{B9DB89BB-B39E-49BF-8204-633B724241C4}.Release|Any CPU.Build.0 = Release|Any CPU
		{5B30AE02-CEE7-493E-B9E3-34BC49C769A8}.Debug|Any CPU.ActiveCfg = Debug|Any CPU
		{5B30AE02-CEE7-493E-B9E3-34BC49C769A8}.Debug|Any CPU.Build.0 = Debug|Any CPU
		{5B30AE02-CEE7-493E-B9E3-34BC49C769A8}.Release|Any CPU.ActiveCfg = Release|Any CPU
		{5B30AE02-CEE7-493E-B9E3-34BC49C769A8}.Release|Any CPU.Build.0 = Release|Any CPU
		{43686921-AD39-43D3-8C41-5B458F63BEF8}.Debug|Any CPU.ActiveCfg = Debug|Any CPU
		{43686921-AD39-43D3-8C41-5B458F63BEF8}.Debug|Any CPU.Build.0 = Debug|Any CPU
		{43686921-AD39-43D3-8C41-5B458F63BEF8}.Release|Any CPU.ActiveCfg = Release|Any CPU
		{43686921-AD39-43D3-8C41-5B458F63BEF8}.Release|Any CPU.Build.0 = Release|Any CPU
	EndGlobalSection
	GlobalSection(SolutionProperties) = preSolution
		HideSolutionNode = FALSE
	EndGlobalSection
	GlobalSection(ExtensibilityGlobals) = postSolution
		SolutionGuid = {059DD1F1-C258-4EFC-8105-4342F19EACFD}
	EndGlobalSection
EndGlobal
